
Microsoft Visual Studio Solution File, Format Version 12.00
Project("{FAE04EC0-301F-11D3-BF4B-00C04F79EFBC}") = "ConsoleApp2", "ConsoleApp2\ConsoleApp2.csproj", "{4511E0C6-4815-4B82-8C39-93977A619DBC}"
EndProject
Global
	GlobalSection(SolutionConfigurationPlatforms) = preSolution
		Debug|Any CPU = Debug|Any CPU
		Release|Any CPU = Release|Any CPU
	EndGlobalSection
	GlobalSection(ProjectConfigurationPlatforms) = postSolution
		{4511E0C6-4815-4B82-8C39-93977A619DBC}.Debug|Any CPU.ActiveCfg = Debug|Any CPU
		{4511E0C6-4815-4B82-8C39-93977A619DBC}.Debug|Any CPU.Build.0 = Debug|Any CPU
		{4511E0C6-4815-4B82-8C39-93977A619DBC}.Release|Any CPU.ActiveCfg = Release|Any CPU
		{4511E0C6-4815-4B82-8C39-93977A619DBC}.Release|Any CPU.Build.0 = Release|Any CPU
	EndGlobalSection
EndGlobal
